
Microsoft Visual Studio Solution File, Format Version 12.00
# Visual Studio 14
VisualStudioVersion = 14.0.25420.1
MinimumVisualStudioVersion = 10.0.40219.1
Project("{FAE04EC0-301F-11D3-BF4B-00C04F79EFBC}") = "LeagueManager.Manager", "LeagueManager\LeagueManager.Manager.csproj", "{81308C29-0E36-4985-BF7C-0223E5B5DE5C}"
EndProject
Project("{FAE04EC0-301F-11D3-BF4B-00C04F79EFBC}") = "Leaguemanager.Tests", "Leaguemanager.Tests\Leaguemanager.Tests.csproj", "{26AE5E9E-ABBF-4D8C-8E6F-F6F34F82EA99}"
EndProject
Project("{FAE04EC0-301F-11D3-BF4B-00C04F79EFBC}") = "UnitOfWork", "UnitOfWork\UnitOfWork.csproj", "{D5E3F1B9-033F-44EA-BE16-D33C18A2B469}"
EndProject
Global
	GlobalSection(SolutionConfigurationPlatforms) = preSolution
		Debug|Any CPU = Debug|Any CPU
		Release|Any CPU = Release|Any CPU
	EndGlobalSection
	GlobalSection(ProjectConfigurationPlatforms) = postSolution
		{81308C29-0E36-4985-BF7C-0223E5B5DE5C}.Debug|Any CPU.ActiveCfg = Debug|Any CPU
		{81308C29-0E36-4985-BF7C-0223E5B5DE5C}.Debug|Any CPU.Build.0 = Debug|Any CPU
		{81308C29-0E36-4985-BF7C-0223E5B5DE5C}.Release|Any CPU.ActiveCfg = Release|Any CPU
		{81308C29-0E36-4985-BF7C-0223E5B5DE5C}.Release|Any CPU.Build.0 = Release|Any CPU
		{26AE5E9E-ABBF-4D8C-8E6F-F6F34F82EA99}.Debug|Any CPU.ActiveCfg = Debug|Any CPU
		{26AE5E9E-ABBF-4D8C-8E6F-F6F34F82EA99}.Debug|Any CPU.Build.0 = Debug|Any CPU
		{26AE5E9E-ABBF-4D8C-8E6F-F6F34F82EA99}.Release|Any CPU.ActiveCfg = Release|Any CPU
		{26AE5E9E-ABBF-4D8C-8E6F-F6F34F82EA99}.Release|Any CPU.Build.0 = Release|Any CPU
		{D5E3F1B9-033F-44EA-BE16-D33C18A2B469}.Debug|Any CPU.ActiveCfg = Debug|Any CPU
		{D5E3F1B9-033F-44EA-BE16-D33C18A2B469}.Debug|Any CPU.Build.0 = Debug|Any CPU
		{D5E3F1B9-033F-44EA-BE16-D33C18A2B469}.Release|Any CPU.ActiveCfg = Release|Any CPU
		{D5E3F1B9-033F-44EA-BE16-D33C18A2B469}.Release|Any CPU.Build.0 = Release|Any CPU
	EndGlobalSection
	GlobalSection(SolutionProperties) = preSolution
		HideSolutionNode = FALSE
	EndGlobalSection
EndGlobal
